github.com/technoweenie/multipartstreamer v1.0.1 h1:XRztA5MXiR1TIRHxH2uNxXxaIkKQDeX7m2XsSOlQEnM=
github.com/technoweenie/multipartstreamer v1.0.1/go.mod h1:jNVxdtShOxzAsukZwTSw6MDx5eUJoiEBsSvzDU9uzog=
golang.org/x/net v0.12.0 h1:cfawfvKITfUsFCeJIHJrbSxpeu/E81khclypR0GVT50=
golang.org/x/net v0.12.0/go.mod h1:zEVYFnQC7m/vmpQFELhcD1EWkZlX69l4oqgmer6hfKA=
gopkg.in/telegram-bot-api.v4 v4.6.4 h1:hpHWhzn4jTCsAJZZ2loNKfy2QWyPDRJVl3aTFXeMW8g=
gopkg.in/telegram-bot-api.v4 v4.6.4/go.mod h1:5DpGO5dbumb40px+dXcwCpcjmeHNYLpk0bp3XRNvWDM=
