github.com/NicoNex/echotron/v3 v3.27.0 h1:iq4BLPO+Dz1JHjh2HPk0D0NldAZSYcAjaOicgYEhUzw=
github.com/NicoNex/echotron/v3 v3.27.0/go.mod h1:LpP5IyHw0y+DZUZMBgXEDAF9O8feXrQu7w7nlJzzoZI=
golang.org/x/net v0.15.0 h1:ugBLEUaxABaB5AJqW9enI0ACdci2RUd4eP51NTBvuJ8=
golang.org/x/net v0.15.0/go.mod h1:idbUs1IY1+zTqbi8yxTbhexhEEk5ur9LInksu6HrEpk=
